
Microsoft Visual Studio Solution File, Format Version 12.00
# Visual Studio Version 16
VisualStudioVersion = 16.0.31729.503
MinimumVisualStudioVersion = 10.0.40219.1
Project("{2150E333-8FDC-42A3-9474-1A3956D46DE8}") = "1.InventoryWeb", "1.InventoryWeb", "{F0EE7C02-804B-4471-94F8-209A3D08127A}"
EndProject
Project("{2150E333-8FDC-42A3-9474-1A3956D46DE8}") = "2.InventoryWebServices", "2.InventoryWebServices", "{074328E2-2AC9-4D75-8EA7-23582F52C59F}"
EndProject
Project("{2150E333-8FDC-42A3-9474-1A3956D46DE8}") = "3.InventoryBAL", "3.InventoryBAL", "{766674CA-0CBF-4ABE-AFFF-F0C2780C0426}"
EndProject
Project("{2150E333-8FDC-42A3-9474-1A3956D46DE8}") = "4.InventoryDAL", "4.InventoryDAL", "{47B7D143-B795-4D12-9B64-C8050B49C3C4}"
EndProject
Project("{FAE04EC0-301F-11D3-BF4B-00C04F79EFBC}") = "InventoryWeb", "InventoryWeb\InventoryWeb.csproj", "{5F5C87DE-3DAC-4774-869E-B9483E53F385}"
EndProject
Project("{FAE04EC0-301F-11D3-BF4B-00C04F79EFBC}") = "InventoryWebAPI", "InventoryWebAPI\InventoryWebAPI.csproj", "{02DEBE24-9F28-4502-AA24-F5572D88B0F2}"
EndProject
Project("{FAE04EC0-301F-11D3-BF4B-00C04F79EFBC}") = "InventoryBusinessLogic", "InventoryBusinessLogic\InventoryBusinessLogic.csproj", "{E8A148B6-0A0D-4088-99D3-DF379189AB1E}"
EndProject
Project("{FAE04EC0-301F-11D3-BF4B-00C04F79EFBC}") = "InventoryModels", "InventoryModels\InventoryModels.csproj", "{3C9ED656-ADAB-4BD2-9D06-6DE0C6EA0AD0}"
EndProject
Project("{FAE04EC0-301F-11D3-BF4B-00C04F79EFBC}") = "InventoryDAL", "InventoryDAL\InventoryDAL.csproj", "{787257A6-446E-4BB2-B42D-E184A896472D}"
EndProject
Global
	GlobalSection(SolutionConfigurationPlatforms) = preSolution
		Debug|Any CPU = Debug|Any CPU
		Release|Any CPU = Release|Any CPU
	EndGlobalSection
	GlobalSection(ProjectConfigurationPlatforms) = postSolution
		{5F5C87DE-3DAC-4774-869E-B9483E53F385}.Debug|Any CPU.ActiveCfg = Debug|Any CPU
		{5F5C87DE-3DAC-4774-869E-B9483E53F385}.Debug|Any CPU.Build.0 = Debug|Any CPU
		{5F5C87DE-3DAC-4774-869E-B9483E53F385}.Release|Any CPU.ActiveCfg = Release|Any CPU
		{5F5C87DE-3DAC-4774-869E-B9483E53F385}.Release|Any CPU.Build.0 = Release|Any CPU
		{02DEBE24-9F28-4502-AA24-F5572D88B0F2}.Debug|Any CPU.ActiveCfg = Debug|Any CPU
		{02DEBE24-9F28-4502-AA24-F5572D88B0F2}.Debug|Any CPU.Build.0 = Debug|Any CPU
		{02DEBE24-9F28-4502-AA24-F5572D88B0F2}.Release|Any CPU.ActiveCfg = Release|Any CPU
		{02DEBE24-9F28-4502-AA24-F5572D88B0F2}.Release|Any CPU.Build.0 = Release|Any CPU
		{E8A148B6-0A0D-4088-99D3-DF379189AB1E}.Debug|Any CPU.ActiveCfg = Debug|Any CPU
		{E8A148B6-0A0D-4088-99D3-DF379189AB1E}.Debug|Any CPU.Build.0 = Debug|Any CPU
		{E8A148B6-0A0D-4088-99D3-DF379189AB1E}.Release|Any CPU.ActiveCfg = Release|Any CPU
		{E8A148B6-0A0D-4088-99D3-DF379189AB1E}.Release|Any CPU.Build.0 = Release|Any CPU
		{3C9ED656-ADAB-4BD2-9D06-6DE0C6EA0AD0}.Debug|Any CPU.ActiveCfg = Debug|Any CPU
		{3C9ED656-ADAB-4BD2-9D06-6DE0C6EA0AD0}.Debug|Any CPU.Build.0 = Debug|Any CPU
		{3C9ED656-ADAB-4BD2-9D06-6DE0C6EA0AD0}.Release|Any CPU.ActiveCfg = Release|Any CPU
		{3C9ED656-ADAB-4BD2-9D06-6DE0C6EA0AD0}.Release|Any CPU.Build.0 = Release|Any CPU
		{787257A6-446E-4BB2-B42D-E184A896472D}.Debug|Any CPU.ActiveCfg = Debug|Any CPU
		{787257A6-446E-4BB2-B42D-E184A896472D}.Debug|Any CPU.Build.0 = Debug|Any CPU
		{787257A6-446E-4BB2-B42D-E184A896472D}.Release|Any CPU.ActiveCfg = Release|Any CPU
		{787257A6-446E-4BB2-B42D-E184A896472D}.Release|Any CPU.Build.0 = Release|Any CPU
	EndGlobalSection
	GlobalSection(SolutionProperties) = preSolution
		HideSolutionNode = FALSE
	EndGlobalSection
	GlobalSection(NestedProjects) = preSolution
		{5F5C87DE-3DAC-4774-869E-B9483E53F385} = {F0EE7C02-804B-4471-94F8-209A3D08127A}
		{02DEBE24-9F28-4502-AA24-F5572D88B0F2} = {074328E2-2AC9-4D75-8EA7-23582F52C59F}
		{E8A148B6-0A0D-4088-99D3-DF379189AB1E} = {766674CA-0CBF-4ABE-AFFF-F0C2780C0426}
		{3C9ED656-ADAB-4BD2-9D06-6DE0C6EA0AD0} = {766674CA-0CBF-4ABE-AFFF-F0C2780C0426}
		{787257A6-446E-4BB2-B42D-E184A896472D} = {47B7D143-B795-4D12-9B64-C8050B49C3C4}
	EndGlobalSection
	GlobalSection(ExtensibilityGlobals) = postSolution
		SolutionGuid = {27D23A39-B465-476B-8FD6-EF72D8ED0CC5}
	EndGlobalSection
EndGlobal
